{
  "name": "b3b",
  "version": "0.1.0",
  "lockfileVersion": 1,
  "requires": true,
  "dependencies": {
    "nodoc": {
      "version": "0.3.6",
      "resolved": "https://registry.npmjs.org/nodoc/-/nodoc-0.3.6.tgz",
      "integrity": "sha1-G4Fra3M/O9aloJwHbwtjk13boGw=",
      "dev": true,
      "requires": {
        "underscore": "^1.8.3",
        "yaku": "^0.7.4"
      }
    },
    "underscore": {
      "version": "1.9.1",
      "resolved": "https://registry.npmjs.org/underscore/-/underscore-1.9.1.tgz",
      "integrity": "sha512-5/4etnCkd9c8gwgowi5/om/mYO5ajCaOgdzj/oW+0eQV9WxKBDZw5+ycmKmeaTXjInS/W0BzpGLo2xR2aBwZdg==",
      "dev": true
    },
    "yaku": {
      "version": "0.7.12",
      "resolved": "https://registry.npmjs.org/yaku/-/yaku-0.7.12.tgz",
      "integrity": "sha1-GTsZyQf1drvG+lhc90JRypKpkn4=",
      "dev": true
    }
  }
}
